
Microsoft Visual Studio Solution File, Format Version 12.00
# Visual Studio Version 17
VisualStudioVersion = 17.6.33801.468
MinimumVisualStudioVersion = 10.0.40219.1
Project("{9A19103F-16F7-4668-BE54-9A1E7A4F7556}") = "NorthwindContextLib", "NorthwindContextLib.csproj", "{D9F239C0-1677-4A60-988B-DD626736F9E9}"
EndProject
Project("{9A19103F-16F7-4668-BE54-9A1E7A4F7556}") = "NorthwindEntitiesLib", "..\NorthwindEntitiesLib\NorthwindEntitiesLib.csproj", "{CA385A3E-879A-41B2-B11F-ADAE7C319288}"
EndProject
Global
	GlobalSection(SolutionConfigurationPlatforms) = preSolution
		Debug|Any CPU = Debug|Any CPU
		Release|Any CPU = Release|Any CPU
	EndGlobalSection
	GlobalSection(ProjectConfigurationPlatforms) = postSolution
		{D9F239C0-1677-4A60-988B-DD626736F9E9}.Debug|Any CPU.ActiveCfg = Debug|Any CPU
		{D9F239C0-1677-4A60-988B-DD626736F9E9}.Debug|Any CPU.Build.0 = Debug|Any CPU
		{D9F239C0-1677-4A60-988B-DD626736F9E9}.Release|Any CPU.ActiveCfg = Release|Any CPU
		{D9F239C0-1677-4A60-988B-DD626736F9E9}.Release|Any CPU.Build.0 = Release|Any CPU
		{CA385A3E-879A-41B2-B11F-ADAE7C319288}.Debug|Any CPU.ActiveCfg = Debug|Any CPU
		{CA385A3E-879A-41B2-B11F-ADAE7C319288}.Debug|Any CPU.Build.0 = Debug|Any CPU
		{CA385A3E-879A-41B2-B11F-ADAE7C319288}.Release|Any CPU.ActiveCfg = Release|Any CPU
		{CA385A3E-879A-41B2-B11F-ADAE7C319288}.Release|Any CPU.Build.0 = Release|Any CPU
	EndGlobalSection
	GlobalSection(SolutionProperties) = preSolution
		HideSolutionNode = FALSE
	EndGlobalSection
	GlobalSection(ExtensibilityGlobals) = postSolution
		SolutionGuid = {498BFA92-AC78-4EA8-8F62-6BBCFF36A797}
	EndGlobalSection
EndGlobal
