
Microsoft Visual Studio Solution File, Format Version 12.00
# Visual Studio Version 17
VisualStudioVersion = 17.6.33801.468
MinimumVisualStudioVersion = 10.0.40219.1
Project("{9A19103F-16F7-4668-BE54-9A1E7A4F7556}") = "NorthwindMvc", "NorthwindMvc.csproj", "{C5D8A048-30E3-44CB-BB56-EC575973428B}"
EndProject
Project("{9A19103F-16F7-4668-BE54-9A1E7A4F7556}") = "NorthwindContextLib", "..\NorthwindContextLib\NorthwindContextLib.csproj", "{804B67E3-BDD1-4C77-AED8-BA8B671735E8}"
EndProject
Project("{9A19103F-16F7-4668-BE54-9A1E7A4F7556}") = "NorthwindEntitiesLib", "..\NorthwindEntitiesLib\NorthwindEntitiesLib.csproj", "{F4B0A542-F325-4179-8187-8F4B0C41B0B7}"
EndProject
Global
	GlobalSection(SolutionConfigurationPlatforms) = preSolution
		Debug|Any CPU = Debug|Any CPU
		Release|Any CPU = Release|Any CPU
	EndGlobalSection
	GlobalSection(ProjectConfigurationPlatforms) = postSolution
		{C5D8A048-30E3-44CB-BB56-EC575973428B}.Debug|Any CPU.ActiveCfg = Debug|Any CPU
		{C5D8A048-30E3-44CB-BB56-EC575973428B}.Debug|Any CPU.Build.0 = Debug|Any CPU
		{C5D8A048-30E3-44CB-BB56-EC575973428B}.Release|Any CPU.ActiveCfg = Release|Any CPU
		{C5D8A048-30E3-44CB-BB56-EC575973428B}.Release|Any CPU.Build.0 = Release|Any CPU
		{804B67E3-BDD1-4C77-AED8-BA8B671735E8}.Debug|Any CPU.ActiveCfg = Debug|Any CPU
		{804B67E3-BDD1-4C77-AED8-BA8B671735E8}.Debug|Any CPU.Build.0 = Debug|Any CPU
		{804B67E3-BDD1-4C77-AED8-BA8B671735E8}.Release|Any CPU.ActiveCfg = Release|Any CPU
		{804B67E3-BDD1-4C77-AED8-BA8B671735E8}.Release|Any CPU.Build.0 = Release|Any CPU
		{F4B0A542-F325-4179-8187-8F4B0C41B0B7}.Debug|Any CPU.ActiveCfg = Debug|Any CPU
		{F4B0A542-F325-4179-8187-8F4B0C41B0B7}.Debug|Any CPU.Build.0 = Debug|Any CPU
		{F4B0A542-F325-4179-8187-8F4B0C41B0B7}.Release|Any CPU.ActiveCfg = Release|Any CPU
		{F4B0A542-F325-4179-8187-8F4B0C41B0B7}.Release|Any CPU.Build.0 = Release|Any CPU
	EndGlobalSection
	GlobalSection(SolutionProperties) = preSolution
		HideSolutionNode = FALSE
	EndGlobalSection
	GlobalSection(ExtensibilityGlobals) = postSolution
		SolutionGuid = {D59DB38C-CF72-434F-8957-D8B27288BBDC}
	EndGlobalSection
EndGlobal
