
Microsoft Visual Studio Solution File, Format Version 12.00
# Visual Studio Version 17
VisualStudioVersion = 17.6.33801.468
MinimumVisualStudioVersion = 10.0.40219.1
Project("{FAE04EC0-301F-11D3-BF4B-00C04F79EFBC}") = "HelloCSNew", "HelloCSNew\HelloCSNew.csproj", "{19A9F9B2-FFAC-4509-8DF1-8F4D33413753}"
EndProject
Global
	GlobalSection(SolutionConfigurationPlatforms) = preSolution
		Debug|Any CPU = Debug|Any CPU
		Release|Any CPU = Release|Any CPU
	EndGlobalSection
	GlobalSection(ProjectConfigurationPlatforms) = postSolution
		{19A9F9B2-FFAC-4509-8DF1-8F4D33413753}.Debug|Any CPU.ActiveCfg = Debug|Any CPU
		{19A9F9B2-FFAC-4509-8DF1-8F4D33413753}.Debug|Any CPU.Build.0 = Debug|Any CPU
		{19A9F9B2-FFAC-4509-8DF1-8F4D33413753}.Release|Any CPU.ActiveCfg = Release|Any CPU
		{19A9F9B2-FFAC-4509-8DF1-8F4D33413753}.Release|Any CPU.Build.0 = Release|Any CPU
	EndGlobalSection
	GlobalSection(SolutionProperties) = preSolution
		HideSolutionNode = FALSE
	EndGlobalSection
	GlobalSection(ExtensibilityGlobals) = postSolution
		SolutionGuid = {4AA3B1AF-53E8-459C-A5E7-0D02879EDFE0}
	EndGlobalSection
EndGlobal
